
Microsoft Visual Studio Solution File, Format Version 12.00
# Visual Studio Version 16
VisualStudioVersion = 25.0.1703.0
MinimumVisualStudioVersion = 10.0.40219.1
Project("{FAE04EC0-301F-11D3-BF4B-00C04F79EFBC}") = "password_generator", "password_generator\password_generator.csproj", "{2F334D9F-BBAD-44D0-99FE-44D97BD64CAF}"
EndProject
Global
	GlobalSection(SolutionConfigurationPlatforms) = preSolution
		Debug|Any CPU = Debug|Any CPU
		Release|Any CPU = Release|Any CPU
	EndGlobalSection
	GlobalSection(ProjectConfigurationPlatforms) = postSolution
		{2F334D9F-BBAD-44D0-99FE-44D97BD64CAF}.Debug|Any CPU.ActiveCfg = Debug|Any CPU
		{2F334D9F-BBAD-44D0-99FE-44D97BD64CAF}.Debug|Any CPU.Build.0 = Debug|Any CPU
		{2F334D9F-BBAD-44D0-99FE-44D97BD64CAF}.Release|Any CPU.ActiveCfg = Release|Any CPU
		{2F334D9F-BBAD-44D0-99FE-44D97BD64CAF}.Release|Any CPU.Build.0 = Release|Any CPU
	EndGlobalSection
	GlobalSection(SolutionProperties) = preSolution
		HideSolutionNode = FALSE
	EndGlobalSection
	GlobalSection(ExtensibilityGlobals) = postSolution
		SolutionGuid = {38420BCA-04B7-4604-9D81-40AB6C2F38C1}
	EndGlobalSection
EndGlobal
